
Microsoft Visual Studio Solution File, Format Version 12.00
# Visual Studio 15
VisualStudioVersion = 15.0.28307.271
MinimumVisualStudioVersion = 10.0.40219.1
Project("{9A19103F-16F7-4668-BE54-9A1E7A4F7556}") = "TheaterSchedule.BLL", "TheaterSchedule.BLL\TheaterSchedule.BLL.csproj", "{C18889D2-FE8E-4ED1-A647-35265BB69FBC}"
EndProject
Project("{9A19103F-16F7-4668-BE54-9A1E7A4F7556}") = "TheaterSchedule.DAL", "TheaterSchedule.DAL\TheaterSchedule.DAL.csproj", "{70DAEA2D-DF69-4017-B237-3251288E1977}"
EndProject
Project("{9A19103F-16F7-4668-BE54-9A1E7A4F7556}") = "TheaterSchedule", "TheaterSchedule\TheaterSchedule.csproj", "{CF5C553B-DC5D-478B-8947-9FAE695B9155}"
EndProject
Project("{00D1A9C2-B5F0-4AF3-8072-F6C62B433612}") = "TheaterDatabase", "TheaterDatabase\TheaterDatabase.sqlproj", "{23EE4713-DA38-41CB-8B1E-A233DD3909C3}"
EndProject
Global
	GlobalSection(SolutionConfigurationPlatforms) = preSolution
		Debug|Any CPU = Debug|Any CPU
		Debug|x86 = Debug|x86
		Release|Any CPU = Release|Any CPU
		Release|x86 = Release|x86
	EndGlobalSection
	GlobalSection(ProjectConfigurationPlatforms) = postSolution
		{C18889D2-FE8E-4ED1-A647-35265BB69FBC}.Debug|Any CPU.ActiveCfg = Debug|Any CPU
		{C18889D2-FE8E-4ED1-A647-35265BB69FBC}.Debug|Any CPU.Build.0 = Debug|Any CPU
		{C18889D2-FE8E-4ED1-A647-35265BB69FBC}.Debug|x86.ActiveCfg = Debug|Any CPU
		{C18889D2-FE8E-4ED1-A647-35265BB69FBC}.Debug|x86.Build.0 = Debug|Any CPU
		{C18889D2-FE8E-4ED1-A647-35265BB69FBC}.Release|Any CPU.ActiveCfg = Release|Any CPU
		{C18889D2-FE8E-4ED1-A647-35265BB69FBC}.Release|Any CPU.Build.0 = Release|Any CPU
		{C18889D2-FE8E-4ED1-A647-35265BB69FBC}.Release|x86.ActiveCfg = Release|Any CPU
		{C18889D2-FE8E-4ED1-A647-35265BB69FBC}.Release|x86.Build.0 = Release|Any CPU
		{70DAEA2D-DF69-4017-B237-3251288E1977}.Debug|Any CPU.ActiveCfg = Debug|Any CPU
		{70DAEA2D-DF69-4017-B237-3251288E1977}.Debug|Any CPU.Build.0 = Debug|Any CPU
		{70DAEA2D-DF69-4017-B237-3251288E1977}.Debug|x86.ActiveCfg = Debug|Any CPU
		{70DAEA2D-DF69-4017-B237-3251288E1977}.Debug|x86.Build.0 = Debug|Any CPU
		{70DAEA2D-DF69-4017-B237-3251288E1977}.Release|Any CPU.ActiveCfg = Release|Any CPU
		{70DAEA2D-DF69-4017-B237-3251288E1977}.Release|Any CPU.Build.0 = Release|Any CPU
		{70DAEA2D-DF69-4017-B237-3251288E1977}.Release|x86.ActiveCfg = Release|Any CPU
		{70DAEA2D-DF69-4017-B237-3251288E1977}.Release|x86.Build.0 = Release|Any CPU
		{CF5C553B-DC5D-478B-8947-9FAE695B9155}.Debug|Any CPU.ActiveCfg = Debug|Any CPU
		{CF5C553B-DC5D-478B-8947-9FAE695B9155}.Debug|Any CPU.Build.0 = Debug|Any CPU
		{CF5C553B-DC5D-478B-8947-9FAE695B9155}.Debug|x86.ActiveCfg = Debug|Any CPU
		{CF5C553B-DC5D-478B-8947-9FAE695B9155}.Debug|x86.Build.0 = Debug|Any CPU
		{CF5C553B-DC5D-478B-8947-9FAE695B9155}.Release|Any CPU.ActiveCfg = Release|Any CPU
		{CF5C553B-DC5D-478B-8947-9FAE695B9155}.Release|Any CPU.Build.0 = Release|Any CPU
		{CF5C553B-DC5D-478B-8947-9FAE695B9155}.Release|x86.ActiveCfg = Release|Any CPU
		{CF5C553B-DC5D-478B-8947-9FAE695B9155}.Release|x86.Build.0 = Release|Any CPU
		{23EE4713-DA38-41CB-8B1E-A233DD3909C3}.Debug|Any CPU.ActiveCfg = Debug|Any CPU
		{23EE4713-DA38-41CB-8B1E-A233DD3909C3}.Debug|Any CPU.Build.0 = Debug|Any CPU
		{23EE4713-DA38-41CB-8B1E-A233DD3909C3}.Debug|Any CPU.Deploy.0 = Debug|Any CPU
		{23EE4713-DA38-41CB-8B1E-A233DD3909C3}.Debug|x86.ActiveCfg = Debug|Any CPU
		{23EE4713-DA38-41CB-8B1E-A233DD3909C3}.Debug|x86.Build.0 = Debug|Any CPU
		{23EE4713-DA38-41CB-8B1E-A233DD3909C3}.Debug|x86.Deploy.0 = Debug|Any CPU
		{23EE4713-DA38-41CB-8B1E-A233DD3909C3}.Release|Any CPU.ActiveCfg = Release|Any CPU
		{23EE4713-DA38-41CB-8B1E-A233DD3909C3}.Release|Any CPU.Build.0 = Release|Any CPU
		{23EE4713-DA38-41CB-8B1E-A233DD3909C3}.Release|Any CPU.Deploy.0 = Release|Any CPU
		{23EE4713-DA38-41CB-8B1E-A233DD3909C3}.Release|x86.ActiveCfg = Release|Any CPU
		{23EE4713-DA38-41CB-8B1E-A233DD3909C3}.Release|x86.Build.0 = Release|Any CPU
		{23EE4713-DA38-41CB-8B1E-A233DD3909C3}.Release|x86.Deploy.0 = Release|Any CPU
	EndGlobalSection
	GlobalSection(SolutionProperties) = preSolution
		HideSolutionNode = FALSE
	EndGlobalSection
	GlobalSection(ExtensibilityGlobals) = postSolution
		SolutionGuid = {234B1221-67F3-4D3B-ACE6-685DD9115252}
	EndGlobalSection
EndGlobal
