
Microsoft Visual Studio Solution File, Format Version 12.00
# Visual Studio Version 16
VisualStudioVersion = 16.0.28922.388
MinimumVisualStudioVersion = 10.0.40219.1
Project("{9A19103F-16F7-4668-BE54-9A1E7A4F7556}") = "TheaterSchedule.BLL", "TheaterSchedule.BLL\TheaterSchedule.BLL.csproj", "{C18889D2-FE8E-4ED1-A647-35265BB69FBC}"
EndProject
Project("{9A19103F-16F7-4668-BE54-9A1E7A4F7556}") = "TheaterSchedule.DAL", "TheaterSchedule.DAL\TheaterSchedule.DAL.csproj", "{70DAEA2D-DF69-4017-B237-3251288E1977}"
EndProject
Project("{9A19103F-16F7-4668-BE54-9A1E7A4F7556}") = "TheaterSchedule", "TheaterSchedule\TheaterSchedule.csproj", "{CF5C553B-DC5D-478B-8947-9FAE695B9155}"
EndProject
Project("{00D1A9C2-B5F0-4AF3-8072-F6C62B433612}") = "TheaterDatabase", "TheaterDatabase\TheaterDatabase.sqlproj", "{23EE4713-DA38-41CB-8B1E-A233DD3909C3}"
EndProject
Project("{9A19103F-16F7-4668-BE54-9A1E7A4F7556}") = "Entities", "Entities\Entities.csproj", "{44DB1505-9B18-4BCD-B059-E677C4B9C95B}"
EndProject
Project("{9A19103F-16F7-4668-BE54-9A1E7A4F7556}") = "TheaterSchedule.DALwp", "TheaterSchedule.DALwp\TheaterSchedule.DALwp.csproj", "{05A9ACCA-283C-4A13-83A9-F54D869ED224}"
	ProjectSection(ProjectDependencies) = postProject
		{70DAEA2D-DF69-4017-B237-3251288E1977} = {70DAEA2D-DF69-4017-B237-3251288E1977}
	EndProjectSection
EndProject
Project("{9A19103F-16F7-4668-BE54-9A1E7A4F7556}") = "TheaterSchedule.BLL.Tests", "TheaterSchedule.BLL.Tests\TheaterSchedule.BLL.Tests.csproj", "{6A522E3D-E7DA-4A39-9316-18A833CF15C4}"
EndProject
Project("{9A19103F-16F7-4668-BE54-9A1E7A4F7556}") = "TheaterSchedule.DAL.Tests", "TeaterSchedule.DAL.Tests\TheaterSchedule.DAL.Tests.csproj", "{26FD038A-71AC-4350-8498-89E693C9C3F3}"
EndProject
Project("{FAE04EC0-301F-11D3-BF4B-00C04F79EFBC}") = "TheaterSchedule.WEB.Tests", "TheaterSchedule.WEB.Tests\TheaterSchedule.WEB.Tests.csproj", "{0F824021-A05F-4A54-9441-62DEBC3F8079}"
EndProject
Global
	GlobalSection(SolutionConfigurationPlatforms) = preSolution
		Debug|Any CPU = Debug|Any CPU
		Debug|x86 = Debug|x86
		Release|Any CPU = Release|Any CPU
		Release|x86 = Release|x86
	EndGlobalSection
	GlobalSection(ProjectConfigurationPlatforms) = postSolution
		{C18889D2-FE8E-4ED1-A647-35265BB69FBC}.Debug|Any CPU.ActiveCfg = Debug|Any CPU
		{C18889D2-FE8E-4ED1-A647-35265BB69FBC}.Debug|Any CPU.Build.0 = Debug|Any CPU
		{C18889D2-FE8E-4ED1-A647-35265BB69FBC}.Debug|x86.ActiveCfg = Debug|Any CPU
		{C18889D2-FE8E-4ED1-A647-35265BB69FBC}.Debug|x86.Build.0 = Debug|Any CPU
		{C18889D2-FE8E-4ED1-A647-35265BB69FBC}.Release|Any CPU.ActiveCfg = Release|Any CPU
		{C18889D2-FE8E-4ED1-A647-35265BB69FBC}.Release|Any CPU.Build.0 = Release|Any CPU
		{C18889D2-FE8E-4ED1-A647-35265BB69FBC}.Release|x86.ActiveCfg = Release|Any CPU
		{C18889D2-FE8E-4ED1-A647-35265BB69FBC}.Release|x86.Build.0 = Release|Any CPU
		{70DAEA2D-DF69-4017-B237-3251288E1977}.Debug|Any CPU.ActiveCfg = Debug|Any CPU
		{70DAEA2D-DF69-4017-B237-3251288E1977}.Debug|Any CPU.Build.0 = Debug|Any CPU
		{70DAEA2D-DF69-4017-B237-3251288E1977}.Debug|x86.ActiveCfg = Debug|Any CPU
		{70DAEA2D-DF69-4017-B237-3251288E1977}.Debug|x86.Build.0 = Debug|Any CPU
		{70DAEA2D-DF69-4017-B237-3251288E1977}.Release|Any CPU.ActiveCfg = Release|Any CPU
		{70DAEA2D-DF69-4017-B237-3251288E1977}.Release|Any CPU.Build.0 = Release|Any CPU
		{70DAEA2D-DF69-4017-B237-3251288E1977}.Release|x86.ActiveCfg = Release|Any CPU
		{70DAEA2D-DF69-4017-B237-3251288E1977}.Release|x86.Build.0 = Release|Any CPU
		{CF5C553B-DC5D-478B-8947-9FAE695B9155}.Debug|Any CPU.ActiveCfg = Debug|Any CPU
		{CF5C553B-DC5D-478B-8947-9FAE695B9155}.Debug|Any CPU.Build.0 = Debug|Any CPU
		{CF5C553B-DC5D-478B-8947-9FAE695B9155}.Debug|x86.ActiveCfg = Debug|Any CPU
		{CF5C553B-DC5D-478B-8947-9FAE695B9155}.Debug|x86.Build.0 = Debug|Any CPU
		{CF5C553B-DC5D-478B-8947-9FAE695B9155}.Release|Any CPU.ActiveCfg = Release|Any CPU
		{CF5C553B-DC5D-478B-8947-9FAE695B9155}.Release|Any CPU.Build.0 = Release|Any CPU
		{CF5C553B-DC5D-478B-8947-9FAE695B9155}.Release|x86.ActiveCfg = Release|Any CPU
		{CF5C553B-DC5D-478B-8947-9FAE695B9155}.Release|x86.Build.0 = Release|Any CPU
		{23EE4713-DA38-41CB-8B1E-A233DD3909C3}.Debug|Any CPU.ActiveCfg = Debug|Any CPU
		{23EE4713-DA38-41CB-8B1E-A233DD3909C3}.Debug|Any CPU.Build.0 = Debug|Any CPU
		{23EE4713-DA38-41CB-8B1E-A233DD3909C3}.Debug|Any CPU.Deploy.0 = Debug|Any CPU
		{23EE4713-DA38-41CB-8B1E-A233DD3909C3}.Debug|x86.ActiveCfg = Debug|Any CPU
		{23EE4713-DA38-41CB-8B1E-A233DD3909C3}.Debug|x86.Build.0 = Debug|Any CPU
		{23EE4713-DA38-41CB-8B1E-A233DD3909C3}.Debug|x86.Deploy.0 = Debug|Any CPU
		{23EE4713-DA38-41CB-8B1E-A233DD3909C3}.Release|Any CPU.ActiveCfg = Release|Any CPU
		{23EE4713-DA38-41CB-8B1E-A233DD3909C3}.Release|Any CPU.Build.0 = Release|Any CPU
		{23EE4713-DA38-41CB-8B1E-A233DD3909C3}.Release|Any CPU.Deploy.0 = Release|Any CPU
		{23EE4713-DA38-41CB-8B1E-A233DD3909C3}.Release|x86.ActiveCfg = Release|Any CPU
		{23EE4713-DA38-41CB-8B1E-A233DD3909C3}.Release|x86.Build.0 = Release|Any CPU
		{23EE4713-DA38-41CB-8B1E-A233DD3909C3}.Release|x86.Deploy.0 = Release|Any CPU
		{44DB1505-9B18-4BCD-B059-E677C4B9C95B}.Debug|Any CPU.ActiveCfg = Debug|Any CPU
		{44DB1505-9B18-4BCD-B059-E677C4B9C95B}.Debug|Any CPU.Build.0 = Debug|Any CPU
		{44DB1505-9B18-4BCD-B059-E677C4B9C95B}.Debug|x86.ActiveCfg = Debug|Any CPU
		{44DB1505-9B18-4BCD-B059-E677C4B9C95B}.Debug|x86.Build.0 = Debug|Any CPU
		{44DB1505-9B18-4BCD-B059-E677C4B9C95B}.Release|Any CPU.ActiveCfg = Release|Any CPU
		{44DB1505-9B18-4BCD-B059-E677C4B9C95B}.Release|Any CPU.Build.0 = Release|Any CPU
		{44DB1505-9B18-4BCD-B059-E677C4B9C95B}.Release|x86.ActiveCfg = Release|Any CPU
		{44DB1505-9B18-4BCD-B059-E677C4B9C95B}.Release|x86.Build.0 = Release|Any CPU
		{05A9ACCA-283C-4A13-83A9-F54D869ED224}.Debug|Any CPU.ActiveCfg = Debug|Any CPU
		{05A9ACCA-283C-4A13-83A9-F54D869ED224}.Debug|Any CPU.Build.0 = Debug|Any CPU
		{05A9ACCA-283C-4A13-83A9-F54D869ED224}.Debug|x86.ActiveCfg = Debug|Any CPU
		{05A9ACCA-283C-4A13-83A9-F54D869ED224}.Debug|x86.Build.0 = Debug|Any CPU
		{05A9ACCA-283C-4A13-83A9-F54D869ED224}.Release|Any CPU.ActiveCfg = Release|Any CPU
		{05A9ACCA-283C-4A13-83A9-F54D869ED224}.Release|Any CPU.Build.0 = Release|Any CPU
		{05A9ACCA-283C-4A13-83A9-F54D869ED224}.Release|x86.ActiveCfg = Release|Any CPU
		{05A9ACCA-283C-4A13-83A9-F54D869ED224}.Release|x86.Build.0 = Release|Any CPU
		{6A522E3D-E7DA-4A39-9316-18A833CF15C4}.Debug|Any CPU.ActiveCfg = Debug|Any CPU
		{6A522E3D-E7DA-4A39-9316-18A833CF15C4}.Debug|Any CPU.Build.0 = Debug|Any CPU
		{6A522E3D-E7DA-4A39-9316-18A833CF15C4}.Debug|x86.ActiveCfg = Debug|Any CPU
		{6A522E3D-E7DA-4A39-9316-18A833CF15C4}.Debug|x86.Build.0 = Debug|Any CPU
		{6A522E3D-E7DA-4A39-9316-18A833CF15C4}.Release|Any CPU.ActiveCfg = Release|Any CPU
		{6A522E3D-E7DA-4A39-9316-18A833CF15C4}.Release|Any CPU.Build.0 = Release|Any CPU
		{6A522E3D-E7DA-4A39-9316-18A833CF15C4}.Release|x86.ActiveCfg = Release|Any CPU
		{6A522E3D-E7DA-4A39-9316-18A833CF15C4}.Release|x86.Build.0 = Release|Any CPU
		{26FD038A-71AC-4350-8498-89E693C9C3F3}.Debug|Any CPU.ActiveCfg = Debug|Any CPU
		{26FD038A-71AC-4350-8498-89E693C9C3F3}.Debug|Any CPU.Build.0 = Debug|Any CPU
		{26FD038A-71AC-4350-8498-89E693C9C3F3}.Debug|x86.ActiveCfg = Debug|Any CPU
		{26FD038A-71AC-4350-8498-89E693C9C3F3}.Debug|x86.Build.0 = Debug|Any CPU
		{26FD038A-71AC-4350-8498-89E693C9C3F3}.Release|Any CPU.ActiveCfg = Release|Any CPU
		{26FD038A-71AC-4350-8498-89E693C9C3F3}.Release|Any CPU.Build.0 = Release|Any CPU
		{26FD038A-71AC-4350-8498-89E693C9C3F3}.Release|x86.ActiveCfg = Release|Any CPU
		{26FD038A-71AC-4350-8498-89E693C9C3F3}.Release|x86.Build.0 = Release|Any CPU
		{0F824021-A05F-4A54-9441-62DEBC3F8079}.Debug|Any CPU.ActiveCfg = Debug|Any CPU
		{0F824021-A05F-4A54-9441-62DEBC3F8079}.Debug|Any CPU.Build.0 = Debug|Any CPU
		{0F824021-A05F-4A54-9441-62DEBC3F8079}.Debug|x86.ActiveCfg = Debug|Any CPU
		{0F824021-A05F-4A54-9441-62DEBC3F8079}.Debug|x86.Build.0 = Debug|Any CPU
		{0F824021-A05F-4A54-9441-62DEBC3F8079}.Release|Any CPU.ActiveCfg = Release|Any CPU
		{0F824021-A05F-4A54-9441-62DEBC3F8079}.Release|Any CPU.Build.0 = Release|Any CPU
		{0F824021-A05F-4A54-9441-62DEBC3F8079}.Release|x86.ActiveCfg = Release|Any CPU
		{0F824021-A05F-4A54-9441-62DEBC3F8079}.Release|x86.Build.0 = Release|Any CPU
	EndGlobalSection
	GlobalSection(SolutionProperties) = preSolution
		HideSolutionNode = FALSE
	EndGlobalSection
	GlobalSection(ExtensibilityGlobals) = postSolution
		SolutionGuid = {234B1221-67F3-4D3B-ACE6-685DD9115252}
	EndGlobalSection
EndGlobal
